// !$*UTF8*$!
{
	archiveVersion = 1;
	classes = {
	};
	objectVersion = 46;
	objects = {

/* Begin PBXBuildFile section */
		154BADA21CC85D2C00148DFB /* InicioContoller.swift in Sources */ = {isa = PBXBuildFile; fileRef = 154BADA11CC85D2C00148DFB /* InicioContoller.swift */; };
		154BADA51CC8600700148DFB /* Cupon.swift in Sources */ = {isa = PBXBuildFile; fileRef = 154BADA41CC8600700148DFB /* Cupon.swift */; };
		154BADA71CC8605F00148DFB /* Usuario.swift in Sources */ = {isa = PBXBuildFile; fileRef = 154BADA61CC8605F00148DFB /* Usuario.swift */; };
		154F78741CC98F2B00B3F47B /* CuponController.swift in Sources */ = {isa = PBXBuildFile; fileRef = 154F78731CC98F2B00B3F47B /* CuponController.swift */; };
		15B519281CC04870006D7A5B /* AppDelegate.swift in Sources */ = {isa = PBXBuildFile; fileRef = 15B519271CC04870006D7A5B /* AppDelegate.swift */; };
		15B5192A1CC04870006D7A5B /* ViewController.swift in Sources */ = {isa = PBXBuildFile; fileRef = 15B519291CC04870006D7A5B /* ViewController.swift */; };
		15B5192D1CC04870006D7A5B /* Main.storyboard in Resources */ = {isa = PBXBuildFile; fileRef = 15B5192B1CC04870006D7A5B /* Main.storyboard */; };
		15B5192F1CC04870006D7A5B /* Assets.xcassets in Resources */ = {isa = PBXBuildFile; fileRef = 15B5192E1CC04870006D7A5B /* Assets.xcassets */; };
		15B519321CC04870006D7A5B /* LaunchScreen.storyboard in Resources */ = {isa = PBXBuildFile; fileRef = 15B519301CC04870006D7A5B /* LaunchScreen.storyboard */; };
		15B5193D1CC04870006D7A5B /* Practico1Tests.swift in Sources */ = {isa = PBXBuildFile; fileRef = 15B5193C1CC04870006D7A5B /* Practico1Tests.swift */; };
		15B519481CC04870006D7A5B /* Practico1UITests.swift in Sources */ = {isa = PBXBuildFile; fileRef = 15B519471CC04870006D7A5B /* Practico1UITests.swift */; };
		15C59B4D1CCAE9B0005F2F60 /* TableViewCell.swift in Sources */ = {isa = PBXBuildFile; fileRef = 15C59B4C1CCAE9B0005F2F60 /* TableViewCell.swift */; };
		15C59B4F1CCAEE3B005F2F60 /* DetallesController.swift in Sources */ = {isa = PBXBuildFile; fileRef = 15C59B4E1CCAEE3B005F2F60 /* DetallesController.swift */; };
/* End PBXBuildFile section */

/* Begin PBXContainerItemProxy section */
		15B519391CC04870006D7A5B /* PBXContainerItemProxy */ = {
			isa = PBXContainerItemProxy;
			containerPortal = 15B5191C1CC04870006D7A5B /* Project object */;
			proxyType = 1;
			remoteGlobalIDString = 15B519231CC04870006D7A5B;
			remoteInfo = Practico1;
		};
		15B519441CC04870006D7A5B /* PBXContainerItemProxy */ = {
			isa = PBXContainerItemProxy;
			containerPortal = 15B5191C1CC04870006D7A5B /* Project object */;
			proxyType = 1;
			remoteGlobalIDString = 15B519231CC04870006D7A5B;
			remoteInfo = Practico1;
		};
/* End PBXContainerItemProxy section */

/* Begin PBXFileReference section */
		154BADA11CC85D2C00148DFB /* InicioContoller.swift */ = {isa = PBXFileReference; fileEncoding = 4; lastKnownFileType = sourcecode.swift; path = InicioContoller.swift; sourceTree = "<group>"; };
		154BADA41CC8600700148DFB /* Cupon.swift */ = {isa = PBXFileReference; fileEncoding = 4; lastKnownFileType = sourcecode.swift; path = Cupon.swift; sourceTree = "<group>"; };
		154BADA61CC8605F00148DFB /* Usuario.swift */ = {isa = PBXFileReference; fileEncoding = 4; lastKnownFileType = sourcecode.swift; path = Usuario.swift; sourceTree = "<group>"; };
		154F78731CC98F2B00B3F47B /* CuponController.swift */ = {isa = PBXFileReference; fileEncoding = 4; lastKnownFileType = sourcecode.swift; path = CuponController.swift; sourceTree = "<group>"; };
		15B519241CC04870006D7A5B /* Practico1.app */ = {isa = PBXFileReference; explicitFileType = wrapper.application; includeInIndex = 0; path = Practico1.app; sourceTree = BUILT_PRODUCTS_DIR; };
		15B519271CC04870006D7A5B /* AppDelegate.swift */ = {isa = PBXFileReference; lastKnownFileType = sourcecode.swift; path = AppDelegate.swift; sourceTree = "<group>"; };
		15B519291CC04870006D7A5B /* ViewController.swift */ = {isa = PBXFileReference; lastKnownFileType = sourcecode.swift; path = ViewController.swift; sourceTree = "<group>"; };
		15B5192C1CC04870006D7A5B /* Base */ = {isa = PBXFileReference; lastKnownFileType = file.storyboard; name = Base; path = Base.lproj/Main.storyboard; sourceTree = "<group>"; };
		15B5192E1CC04870006D7A5B /* Assets.xcassets */ = {isa = PBXFileReference; lastKnownFileType = folder.assetcatalog; path = Assets.xcassets; sourceTree = "<group>"; };
		15B519311CC04870006D7A5B /* Base */ = {isa = PBXFileReference; lastKnownFileType = file.storyboard; name = Base; path = Base.lproj/LaunchScreen.storyboard; sourceTree = "<group>"; };
		15B519331CC04870006D7A5B /* Info.plist */ = {isa = PBXFileReference; lastKnownFileType = text.plist.xml; path = Info.plist; sourceTree = "<group>"; };
		15B519381CC04870006D7A5B /* Practico1Tests.xctest */ = {isa = PBXFileReference; explicitFileType = wrapper.cfbundle; includeInIndex = 0; path = Practico1Tests.xctest; sourceTree = BUILT_PRODUCTS_DIR; };
		15B5193C1CC04870006D7A5B /* Practico1Tests.swift */ = {isa = PBXFileReference; lastKnownFileType = sourcecode.swift; path = Practico1Tests.swift; sourceTree = "<group>"; };
		15B5193E1CC04870006D7A5B /* Info.plist */ = {isa = PBXFileReference; lastKnownFileType = text.plist.xml; path = Info.plist; sourceTree = "<group>"; };
		15B519431CC04870006D7A5B /* Practico1UITests.xctest */ = {isa = PBXFileReference; explicitFileType = wrapper.cfbundle; includeInIndex = 0; path = Practico1UITests.xctest; sourceTree = BUILT_PRODUCTS_DIR; };
		15B519471CC04870006D7A5B /* Practico1UITests.swift */ = {isa = PBXFileReference; lastKnownFileType = sourcecode.swift; path = Practico1UITests.swift; sourceTree = "<group>"; };
		15B519491CC04870006D7A5B /* Info.plist */ = {isa = PBXFileReference; lastKnownFileType = text.plist.xml; path = Info.plist; sourceTree = "<group>"; };
		15C59B4C1CCAE9B0005F2F60 /* TableViewCell.swift */ = {isa = PBXFileReference; fileEncoding = 4; lastKnownFileType = sourcecode.swift; path = TableViewCell.swift; sourceTree = "<group>"; };
		15C59B4E1CCAEE3B005F2F60 /* DetallesController.swift */ = {isa = PBXFileReference; fileEncoding = 4; lastKnownFileType = sourcecode.swift; path = DetallesController.swift; sourceTree = "<group>"; };
/* End PBXFileReference section */

/* Begin PBXFrameworksBuildPhase section */
		15B519211CC04870006D7A5B /* Frameworks */ = {
			isa = PBXFrameworksBuildPhase;
			buildActionMask = 2147483647;
			files = (
			);
			runOnlyForDeploymentPostprocessing = 0;
		};
		15B519351CC04870006D7A5B /* Frameworks */ = {
			isa = PBXFrameworksBuildPhase;
			buildActionMask = 2147483647;
			files = (
			);
			runOnlyForDeploymentPostprocessing = 0;
		};
		15B519401CC04870006D7A5B /* Frameworks */ = {
			isa = PBXFrameworksBuildPhase;
			buildActionMask = 2147483647;
			files = (
			);
			runOnlyForDeploymentPostprocessing = 0;
		};
/* End PBXFrameworksBuildPhase section */

/* Begin PBXGroup section */
		154BADA31CC85FE400148DFB /* Clases */ = {
			isa = PBXGroup;
			children = (
				154BADA41CC8600700148DFB /* Cupon.swift */,
				154BADA61CC8605F00148DFB /* Usuario.swift */,
				15C59B4C1CCAE9B0005F2F60 /* TableViewCell.swift */,
			);
			name = Clases;
			sourceTree = "<group>";
		};
		15B5191B1CC04870006D7A5B = {
			isa = PBXGroup;
			children = (
				15B519261CC04870006D7A5B /* Practico1 */,
				15B5193B1CC04870006D7A5B /* Practico1Tests */,
				15B519461CC04870006D7A5B /* Practico1UITests */,
				15B519251CC04870006D7A5B /* Products */,
			);
			sourceTree = "<group>";
		};
		15B519251CC04870006D7A5B /* Products */ = {
			isa = PBXGroup;
			children = (
				15B519241CC04870006D7A5B /* Practico1.app */,
				15B519381CC04870006D7A5B /* Practico1Tests.xctest */,
				15B519431CC04870006D7A5B /* Practico1UITests.xctest */,
			);
			name = Products;
			sourceTree = "<group>";
		};
		15B519261CC04870006D7A5B /* Practico1 */ = {
			isa = PBXGroup;
			children = (
				15C59B501CCAEE45005F2F60 /* Controllers */,
				154BADA31CC85FE400148DFB /* Clases */,
				15B519271CC04870006D7A5B /* AppDelegate.swift */,
				15B5192B1CC04870006D7A5B /* Main.storyboard */,
				15B5192E1CC04870006D7A5B /* Assets.xcassets */,
				15B519301CC04870006D7A5B /* LaunchScreen.storyboard */,
				15B519331CC04870006D7A5B /* Info.plist */,
			);
			path = Practico1;
			sourceTree = "<group>";
		};
		15B5193B1CC04870006D7A5B /* Practico1Tests */ = {
			isa = PBXGroup;
			children = (
				15B5193C1CC04870006D7A5B /* Practico1Tests.swift */,
				15B5193E1CC04870006D7A5B /* Info.plist */,
			);
			path = Practico1Tests;
			sourceTree = "<group>";
		};
		15B519461CC04870006D7A5B /* Practico1UITests */ = {
			isa = PBXGroup;
			children = (
				15B519471CC04870006D7A5B /* Practico1UITests.swift */,
				15B519491CC04870006D7A5B /* Info.plist */,
			);
			path = Practico1UITests;
			sourceTree = "<group>";
		};
		15C59B501CCAEE45005F2F60 /* Controllers */ = {
			isa = PBXGroup;
			children = (
				15B519291CC04870006D7A5B /* ViewController.swift */,
				154BADA11CC85D2C00148DFB /* InicioContoller.swift */,
				154F78731CC98F2B00B3F47B /* CuponController.swift */,
				15C59B4E1CCAEE3B005F2F60 /* DetallesController.swift */,
			);
			name = Controllers;
			sourceTree = "<group>";
		};
/* End PBXGroup section */

/* Begin PBXNativeTarget section */
		15B519231CC04870006D7A5B /* Practico1 */ = {
			isa = PBXNativeTarget;
			buildConfigurationList = 15B5194C1CC04870006D7A5B /* Build configuration list for PBXNativeTarget "Practico1" */;
			buildPhases = (
				15B519201CC04870006D7A5B /* Sources */,
				15B519211CC04870006D7A5B /* Frameworks */,
				15B519221CC04870006D7A5B /* Resources */,
			);
			buildRules = (
			);
			dependencies = (
			);
			name = Practico1;
			productName = Practico1;
			productReference = 15B519241CC04870006D7A5B /* Practico1.app */;
			productType = "com.apple.product-type.application";
		};
		15B519371CC04870006D7A5B /* Practico1Tests */ = {
			isa = PBXNativeTarget;
			buildConfigurationList = 15B5194F1CC04870006D7A5B /* Build configuration list for PBXNativeTarget "Practico1Tests" */;
			buildPhases = (
				15B519341CC04870006D7A5B /* Sources */,
				15B519351CC04870006D7A5B /* Frameworks */,
				15B519361CC04870006D7A5B /* Resources */,
			);
			buildRules = (
			);
			dependencies = (
				15B5193A1CC04870006D7A5B /* PBXTargetDependency */,
			);
			name = Practico1Tests;
			productName = Practico1Tests;
			productReference = 15B519381CC04870006D7A5B /* Practico1Tests.xctest */;
			productType = "com.apple.product-type.bundle.unit-test";
		};
		15B519421CC04870006D7A5B /* Practico1UITests */ = {
			isa = PBXNativeTarget;
			buildConfigurationList = 15B519521CC04870006D7A5B /* Build configuration list for PBXNativeTarget "Practico1UITests" */;
			buildPhases = (
				15B5193F1CC04870006D7A5B /* Sources */,
				15B519401CC04870006D7A5B /* Frameworks */,
				15B519411CC04870006D7A5B /* Resources */,
			);
			buildRules = (
			);
			dependencies = (
				15B519451CC04870006D7A5B /* PBXTargetDependency */,
			);
			name = Practico1UITests;
			productName = Practico1UITests;
			productReference = 15B519431CC04870006D7A5B /* Practico1UITests.xctest */;
			productType = "com.apple.product-type.bundle.ui-testing";
		};
/* End PBXNativeTarget section */

/* Begin PBXProject section */
		15B5191C1CC04870006D7A5B /* Project object */ = {
			isa = PBXProject;
			attributes = {
				LastSwiftUpdateCheck = 0720;
				LastUpgradeCheck = 0720;
				ORGANIZATIONNAME = SP08;
				TargetAttributes = {
					15B519231CC04870006D7A5B = {
						CreatedOnToolsVersion = 7.2.1;
					};
					15B519371CC04870006D7A5B = {
						CreatedOnToolsVersion = 7.2.1;
						TestTargetID = 15B519231CC04870006D7A5B;
					};
					15B519421CC04870006D7A5B = {
						CreatedOnToolsVersion = 7.2.1;
						TestTargetID = 15B519231CC04870006D7A5B;
					};
				};
			};
			buildConfigurationList = 15B5191F1CC04870006D7A5B /* Build configuration list for PBXProject "Practico1" */;
			compatibilityVersion = "Xcode 3.2";
			developmentRegion = English;
			hasScannedForEncodings = 0;
			knownRegions = (
				en,
				Base,
			);
			mainGroup = 15B5191B1CC04870006D7A5B;
			productRefGroup = 15B519251CC04870006D7A5B /* Products */;
			projectDirPath = "";
			projectRoot = "";
			targets = (
				15B519231CC04870006D7A5B /* Practico1 */,
				15B519371CC04870006D7A5B /* Practico1Tests */,
				15B519421CC04870006D7A5B /* Practico1UITests */,
			);
		};
/* End PBXProject section */

/* Begin PBXResourcesBuildPhase section */
		15B519221CC04870006D7A5B /* Resources */ = {
			isa = PBXResourcesBuildPhase;
			buildActionMask = 2147483647;
			files = (
				15B519321CC04870006D7A5B /* LaunchScreen.storyboard in Resources */,
				15B5192F1CC04870006D7A5B /* Assets.xcassets in Resources */,
				15B5192D1CC04870006D7A5B /* Main.storyboard in Resources */,
			);
			runOnlyForDeploymentPostprocessing = 0;
		};
		15B519361CC04870006D7A5B /* Resources */ = {
			isa = PBXResourcesBuildPhase;
			buildActionMask = 2147483647;
			files = (
			);
			runOnlyForDeploymentPostprocessing = 0;
		};
		15B519411CC04870006D7A5B /* Resources */ = {
			isa = PBXResourcesBuildPhase;
			buildActionMask = 2147483647;
			files = (
			);
			runOnlyForDeploymentPostprocessing = 0;
		};
/* End PBXResourcesBuildPhase section */

/* Begin PBXSourcesBuildPhase section */
		15B519201CC04870006D7A5B /* Sources */ = {
			isa = PBXSourcesBuildPhase;
			buildActionMask = 2147483647;
			files = (
				15B5192A1CC04870006D7A5B /* ViewController.swift in Sources */,
				154F78741CC98F2B00B3F47B /* CuponController.swift in Sources */,
				154BADA51CC8600700148DFB /* Cupon.swift in Sources */,
				15B519281CC04870006D7A5B /* AppDelegate.swift in Sources */,
				154BADA71CC8605F00148DFB /* Usuario.swift in Sources */,
				15C59B4F1CCAEE3B005F2F60 /* DetallesController.swift in Sources */,
				15C59B4D1CCAE9B0005F2F60 /* TableViewCell.swift in Sources */,
				154BADA21CC85D2C00148DFB /* InicioContoller.swift in Sources */,
			);
			runOnlyForDeploymentPostprocessing = 0;
		};
		15B519341CC04870006D7A5B /* Sources */ = {
			isa = PBXSourcesBuildPhase;
			buildActionMask = 2147483647;
			files = (
				15B5193D1CC04870006D7A5B /* Practico1Tests.swift in Sources */,
			);
			runOnlyForDeploymentPostprocessing = 0;
		};
		15B5193F1CC04870006D7A5B /* Sources */ = {
			isa = PBXSourcesBuildPhase;
			buildActionMask = 2147483647;
			files = (
				15B519481CC04870006D7A5B /* Practico1UITests.swift in Sources */,
			);
			runOnlyForDeploymentPostprocessing = 0;
		};
/* End PBXSourcesBuildPhase section */

/* Begin PBXTargetDependency section */
		15B5193A1CC04870006D7A5B /* PBXTargetDependency */ = {
			isa = PBXTargetDependency;
			target = 15B519231CC04870006D7A5B /* Practico1 */;
			targetProxy = 15B519391CC04870006D7A5B /* PBXContainerItemProxy */;
		};
		15B519451CC04870006D7A5B /* PBXTargetDependency */ = {
			isa = PBXTargetDependency;
			target = 15B519231CC04870006D7A5B /* Practico1 */;
			targetProxy = 15B519441CC04870006D7A5B /* PBXContainerItemProxy */;
		};
/* End PBXTargetDependency section */

/* Begin PBXVariantGroup section */
		15B5192B1CC04870006D7A5B /* Main.storyboard */ = {
			isa = PBXVariantGroup;
			children = (
				15B5192C1CC04870006D7A5B /* Base */,
			);
			name = Main.storyboard;
			sourceTree = "<group>";
		};
		15B519301CC04870006D7A5B /* LaunchScreen.storyboard */ = {
			isa = PBXVariantGroup;
			children = (
				15B519311CC04870006D7A5B /* Base */,
			);
			name = LaunchScreen.storyboard;
			sourceTree = "<group>";
		};
/* End PBXVariantGroup section */

/* Begin XCBuildConfiguration section */
		15B5194A1CC04870006D7A5B /* Debug */ = {
			isa = XCBuildConfiguration;
			buildSettings = {
				ALWAYS_SEARCH_USER_PATHS = NO;
				CLANG_CXX_LANGUAGE_STANDARD = "gnu++0x";
				CLANG_CXX_LIBRARY = "libc++";
				CLANG_ENABLE_MODULES = YES;
				CLANG_ENABLE_OBJC_ARC = YES;
				CLANG_WARN_BOOL_CONVERSION = YES;
				CLANG_WARN_CONSTANT_CONVERSION = YES;
				CLANG_WARN_DIRECT_OBJC_ISA_USAGE = YES_ERROR;
				CLANG_WARN_EMPTY_BODY = YES;
				CLANG_WARN_ENUM_CONVERSION = YES;
				CLANG_WARN_INT_CONVERSION = YES;
				CLANG_WARN_OBJC_ROOT_CLASS = YES_ERROR;
				CLANG_WARN_UNREACHABLE_CODE = YES;
				CLANG_WARN__DUPLICATE_METHOD_MATCH = YES;
				"CODE_SIGN_IDENTITY[sdk=iphoneos*]" = "iPhone Developer";
				COPY_PHASE_STRIP = NO;
				DEBUG_INFORMATION_FORMAT = dwarf;
				ENABLE_STRICT_OBJC_MSGSEND = YES;
				ENABLE_TESTABILITY = YES;
				GCC_C_LANGUAGE_STANDARD = gnu99;
				GCC_DYNAMIC_NO_PIC = NO;
				GCC_NO_COMMON_BLOCKS = YES;
				GCC_OPTIMIZATION_LEVEL = 0;
				GCC_PREPROCESSOR_DEFINITIONS = (
					"DEBUG=1",
					"$(inherited)",
				);
				GCC_WARN_64_TO_32_BIT_CONVERSION = YES;
				GCC_WARN_ABOUT_RETURN_TYPE = YES_ERROR;
				GCC_WARN_UNDECLARED_SELECTOR = YES;
				GCC_WARN_UNINITIALIZED_AUTOS = YES_AGGRESSIVE;
				GCC_WARN_UNUSED_FUNCTION = YES;
				GCC_WARN_UNUSED_VARIABLE = YES;
				IPHONEOS_DEPLOYMENT_TARGET = 9.2;
				MTL_ENABLE_DEBUG_INFO = YES;
				ONLY_ACTIVE_ARCH = YES;
				SDKROOT = iphoneos;
				SWIFT_OPTIMIZATION_LEVEL = "-Onone";
			};
			name = Debug;
		};
		15B5194B1CC04870006D7A5B /* Release */ = {
			isa = XCBuildConfiguration;
			buildSettings = {
				ALWAYS_SEARCH_USER_PATHS = NO;
				CLANG_CXX_LANGUAGE_STANDARD = "gnu++0x";
				CLANG_CXX_LIBRARY = "libc++";
				CLANG_ENABLE_MODULES = YES;
				CLANG_ENABLE_OBJC_ARC = YES;
				CLANG_WARN_BOOL_CONVERSION = YES;
				CLANG_WARN_CONSTANT_CONVERSION = YES;
				CLANG_WARN_DIRECT_OBJC_ISA_USAGE = YES_ERROR;
				CLANG_WARN_EMPTY_BODY = YES;
				CLANG_WARN_ENUM_CONVERSION = YES;
				CLANG_WARN_INT_CONVERSION = YES;
				CLANG_WARN_OBJC_ROOT_CLASS = YES_ERROR;
				CLANG_WARN_UNREACHABLE_CODE = YES;
				CLANG_WARN__DUPLICATE_METHOD_MATCH = YES;
				"CODE_SIGN_IDENTITY[sdk=iphoneos*]" = "iPhone Developer";
				COPY_PHASE_STRIP = NO;
				DEBUG_INFORMATION_FORMAT = "dwarf-with-dsym";
				ENABLE_NS_ASSERTIONS = NO;
				ENABLE_STRICT_OBJC_MSGSEND = YES;
				GCC_C_LANGUAGE_STANDARD = gnu99;
				GCC_NO_COMMON_BLOCKS = YES;
				GCC_WARN_64_TO_32_BIT_CONVERSION = YES;
				GCC_WARN_ABOUT_RETURN_TYPE = YES_ERROR;
				GCC_WARN_UNDECLARED_SELECTOR = YES;
				GCC_WARN_UNINITIALIZED_AUTOS = YES_AGGRESSIVE;
				GCC_WARN_UNUSED_FUNCTION = YES;
				GCC_WARN_UNUSED_VARIABLE = YES;
				IPHONEOS_DEPLOYMENT_TARGET = 9.2;
				MTL_ENABLE_DEBUG_INFO = NO;
				SDKROOT = iphoneos;
				VALIDATE_PRODUCT = YES;
			};
			name = Release;
		};
		15B5194D1CC04870006D7A5B /* Debug */ = {
			isa = XCBuildConfiguration;
			buildSettings = {
				ASSETCATALOG_COMPILER_APPICON_NAME = AppIcon;
				INFOPLIST_FILE = Practico1/Info.plist;
				IPHONEOS_DEPLOYMENT_TARGET = 8.0;
				LD_RUNPATH_SEARCH_PATHS = "$(inherited) @executable_path/Frameworks";
				PRODUCT_BUNDLE_IDENTIFIER = Matias.Practico1;
				PRODUCT_NAME = "$(TARGET_NAME)";
			};
			name = Debug;
		};
		15B5194E1CC04870006D7A5B /* Release */ = {
			isa = XCBuildConfiguration;
			buildSettings = {
				ASSETCATALOG_COMPILER_APPICON_NAME = AppIcon;
				INFOPLIST_FILE = Practico1/Info.plist;
				IPHONEOS_DEPLOYMENT_TARGET = 8.0;
				LD_RUNPATH_SEARCH_PATHS = "$(inherited) @executable_path/Frameworks";
				PRODUCT_BUNDLE_IDENTIFIER = Matias.Practico1;
				PRODUCT_NAME = "$(TARGET_NAME)";
			};
			name = Release;
		};
		15B519501CC04870006D7A5B /* Debug */ = {
			isa = XCBuildConfiguration;
			buildSettings = {
				BUNDLE_LOADER = "$(TEST_HOST)";
				INFOPLIST_FILE = Practico1Tests/Info.plist;
				LD_RUNPATH_SEARCH_PATHS = "$(inherited) @executable_path/Frameworks @loader_path/Frameworks";
				PRODUCT_BUNDLE_IDENTIFIER = Matias.Practico1Tests;
				PRODUCT_NAME = "$(TARGET_NAME)";
				TEST_HOST = "$(BUILT_PRODUCTS_DIR)/Practico1.app/Practico1";
			};
			name = Debug;
		};
		15B519511CC04870006D7A5B /* Release */ = {
			isa = XCBuildConfiguration;
			buildSettings = {
				BUNDLE_LOADER = "$(TEST_HOST)";
				INFOPLIST_FILE = Practico1Tests/Info.plist;
				LD_RUNPATH_SEARCH_PATHS = "$(inherited) @executable_path/Frameworks @loader_path/Frameworks";
				PRODUCT_BUNDLE_IDENTIFIER = Matias.Practico1Tests;
				PRODUCT_NAME = "$(TARGET_NAME)";
				TEST_HOST = "$(BUILT_PRODUCTS_DIR)/Practico1.app/Practico1";
			};
			name = Release;
		};
		15B519531CC04870006D7A5B /* Debug */ = {
			isa = XCBuildConfiguration;
			buildSettings = {
				INFOPLIST_FILE = Practico1UITests/Info.plist;
				LD_RUNPATH_SEARCH_PATHS = "$(inherited) @executable_path/Frameworks @loader_path/Frameworks";
				PRODUCT_BUNDLE_IDENTIFIER = Matias.Practico1UITests;
				PRODUCT_NAME = "$(TARGET_NAME)";
				TEST_TARGET_NAME = Practico1;
				USES_XCTRUNNER = YES;
			};
			name = Debug;
		};
		15B519541CC04870006D7A5B /* Release */ = {
			isa = XCBuildConfiguration;
			buildSettings = {
				INFOPLIST_FILE = Practico1UITests/Info.plist;
				LD_RUNPATH_SEARCH_PATHS = "$(inherited) @executable_path/Frameworks @loader_path/Frameworks";
				PRODUCT_BUNDLE_IDENTIFIER = Matias.Practico1UITests;
				PRODUCT_NAME = "$(TARGET_NAME)";
				TEST_TARGET_NAME = Practico1;
				USES_XCTRUNNER = YES;
			};
			name = Release;
		};
/* End XCBuildConfiguration section */

/* Begin XCConfigurationList section */
		15B5191F1CC04870006D7A5B /* Build configuration list for PBXProject "Practico1" */ = {
			isa = XCConfigurationList;
			buildConfigurations = (
				15B5194A1CC04870006D7A5B /* Debug */,
				15B5194B1CC04870006D7A5B /* Release */,
			);
			defaultConfigurationIsVisible = 0;
			defaultConfigurationName = Release;
		};
		15B5194C1CC04870006D7A5B /* Build configuration list for PBXNativeTarget "Practico1" */ = {
			isa = XCConfigurationList;
			buildConfigurations = (
				15B5194D1CC04870006D7A5B /* Debug */,
				15B5194E1CC04870006D7A5B /* Release */,
			);
			defaultConfigurationIsVisible = 0;
			defaultConfigurationName = Release;
		};
		15B5194F1CC04870006D7A5B /* Build configuration list for PBXNativeTarget "Practico1Tests" */ = {
			isa = XCConfigurationList;
			buildConfigurations = (
				15B519501CC04870006D7A5B /* Debug */,
				15B519511CC04870006D7A5B /* Release */,
			);
			defaultConfigurationIsVisible = 0;
			defaultConfigurationName = Release;
		};
		15B519521CC04870006D7A5B /* Build configuration list for PBXNativeTarget "Practico1UITests" */ = {
			isa = XCConfigurationList;
			buildConfigurations = (
				15B519531CC04870006D7A5B /* Debug */,
				15B519541CC04870006D7A5B /* Release */,
			);
			defaultConfigurationIsVisible = 0;
			defaultConfigurationName = Release;
		};
/* End XCConfigurationList section */
	};
	rootObject = 15B5191C1CC04870006D7A5B /* Project object */;
}
